
Microsoft Visual Studio Solution File, Format Version 12.00
# Visual Studio Version 16
VisualStudioVersion = 16.0.30717.126
MinimumVisualStudioVersion = 10.0.40219.1
Project("{FAE04EC0-301F-11D3-BF4B-00C04F79EFBC}") = "Olympics", "Olympics\Olympics.csproj", "{A9AD2446-076E-43BE-8366-6CE6D337B24F}"
EndProject
Global
	GlobalSection(SolutionConfigurationPlatforms) = preSolution
		Debug|Any CPU = Debug|Any CPU
		Release|Any CPU = Release|Any CPU
	EndGlobalSection
	GlobalSection(ProjectConfigurationPlatforms) = postSolution
		{A9AD2446-076E-43BE-8366-6CE6D337B24F}.Debug|Any CPU.ActiveCfg = Debug|Any CPU
		{A9AD2446-076E-43BE-8366-6CE6D337B24F}.Debug|Any CPU.Build.0 = Debug|Any CPU
		{A9AD2446-076E-43BE-8366-6CE6D337B24F}.Release|Any CPU.ActiveCfg = Release|Any CPU
		{A9AD2446-076E-43BE-8366-6CE6D337B24F}.Release|Any CPU.Build.0 = Release|Any CPU
	EndGlobalSection
	GlobalSection(SolutionProperties) = preSolution
		HideSolutionNode = FALSE
	EndGlobalSection
	GlobalSection(ExtensibilityGlobals) = postSolution
		SolutionGuid = {D8BC2EB0-BCAC-47E7-9E28-7DFE7253C528}
	EndGlobalSection
EndGlobal
